
Microsoft Visual Studio Solution File, Format Version 12.00
# Visual Studio Version 17
VisualStudioVersion = 17.10.35027.167
MinimumVisualStudioVersion = 10.0.40219.1
Project("{FAE04EC0-301F-11D3-BF4B-00C04F79EFBC}") = "MyPortfolio", "MyPortfolio.csproj", "{5A1C0E2F-AC81-4725-9E24-A77A30E71ECD}"
EndProject
Global
	GlobalSection(SolutionConfigurationPlatforms) = preSolution
		Debug|Any CPU = Debug|Any CPU
		Release|Any CPU = Release|Any CPU
	EndGlobalSection
	GlobalSection(ProjectConfigurationPlatforms) = postSolution
		{5A1C0E2F-AC81-4725-9E24-A77A30E71ECD}.Debug|Any CPU.ActiveCfg = Debug|Any CPU
		{5A1C0E2F-AC81-4725-9E24-A77A30E71ECD}.Debug|Any CPU.Build.0 = Debug|Any CPU
		{5A1C0E2F-AC81-4725-9E24-A77A30E71ECD}.Release|Any CPU.ActiveCfg = Release|Any CPU
		{5A1C0E2F-AC81-4725-9E24-A77A30E71ECD}.Release|Any CPU.Build.0 = Release|Any CPU
	EndGlobalSection
	GlobalSection(SolutionProperties) = preSolution
		HideSolutionNode = FALSE
	EndGlobalSection
	GlobalSection(ExtensibilityGlobals) = postSolution
		SolutionGuid = {4BE94376-3840-4714-A478-44A39BD5214D}
	EndGlobalSection
EndGlobal
